
Microsoft Visual Studio Solution File, Format Version 12.00
# Visual Studio Version 16
VisualStudioVersion = 16.0.32002.261
MinimumVisualStudioVersion = 10.0.40219.1
Project("{FAE04EC0-301F-11D3-BF4B-00C04F79EFBC}") = "StartAsCore", "StartAsCore\StartAsCore.csproj", "{9F0389F0-57ED-4C01-93AF-4FCD54A2FDE9}"
EndProject
Project("{FAE04EC0-301F-11D3-BF4B-00C04F79EFBC}") = "StartAsCmd", "StartAsCmd\StartAsCmd.csproj", "{E0EE591C-0255-4C95-8A47-64D2BAA17403}"
EndProject
Project("{FAE04EC0-301F-11D3-BF4B-00C04F79EFBC}") = "ConfigStartAs", "ConfigStartAs\ConfigStartAs.csproj", "{A4275122-C601-4B23-89FA-22AD88E4E3F6}"
EndProject
Global
	GlobalSection(SolutionConfigurationPlatforms) = preSolution
		Debug|Any CPU = Debug|Any CPU
		Release|Any CPU = Release|Any CPU
	EndGlobalSection
	GlobalSection(ProjectConfigurationPlatforms) = postSolution
		{9F0389F0-57ED-4C01-93AF-4FCD54A2FDE9}.Debug|Any CPU.ActiveCfg = Debug|Any CPU
		{9F0389F0-57ED-4C01-93AF-4FCD54A2FDE9}.Debug|Any CPU.Build.0 = Debug|Any CPU
		{9F0389F0-57ED-4C01-93AF-4FCD54A2FDE9}.Release|Any CPU.ActiveCfg = Release|Any CPU
		{9F0389F0-57ED-4C01-93AF-4FCD54A2FDE9}.Release|Any CPU.Build.0 = Release|Any CPU
		{E0EE591C-0255-4C95-8A47-64D2BAA17403}.Debug|Any CPU.ActiveCfg = Debug|Any CPU
		{E0EE591C-0255-4C95-8A47-64D2BAA17403}.Debug|Any CPU.Build.0 = Debug|Any CPU
		{E0EE591C-0255-4C95-8A47-64D2BAA17403}.Release|Any CPU.ActiveCfg = Release|Any CPU
		{E0EE591C-0255-4C95-8A47-64D2BAA17403}.Release|Any CPU.Build.0 = Release|Any CPU
		{A4275122-C601-4B23-89FA-22AD88E4E3F6}.Debug|Any CPU.ActiveCfg = Debug|Any CPU
		{A4275122-C601-4B23-89FA-22AD88E4E3F6}.Debug|Any CPU.Build.0 = Debug|Any CPU
		{A4275122-C601-4B23-89FA-22AD88E4E3F6}.Release|Any CPU.ActiveCfg = Release|Any CPU
		{A4275122-C601-4B23-89FA-22AD88E4E3F6}.Release|Any CPU.Build.0 = Release|Any CPU
	EndGlobalSection
	GlobalSection(SolutionProperties) = preSolution
		HideSolutionNode = FALSE
	EndGlobalSection
	GlobalSection(ExtensibilityGlobals) = postSolution
		SolutionGuid = {EEAC34FC-3A83-4679-B6A4-ABCE7784868E}
	EndGlobalSection
EndGlobal
